
Microsoft Visual Studio Solution File, Format Version 12.00
# Visual Studio Version 16
VisualStudioVersion = 16.0.30804.86
MinimumVisualStudioVersion = 10.0.40219.1
Project("{9A19103F-16F7-4668-BE54-9A1E7A4F7556}") = "Culinaria", "Culinaria.csproj", "{64A9F75D-5087-4FC8-B54A-02DAE1A1FEB9}"
EndProject
Global
	GlobalSection(SolutionConfigurationPlatforms) = preSolution
		Debug|Any CPU = Debug|Any CPU
		Release|Any CPU = Release|Any CPU
	EndGlobalSection
	GlobalSection(ProjectConfigurationPlatforms) = postSolution
		{64A9F75D-5087-4FC8-B54A-02DAE1A1FEB9}.Debug|Any CPU.ActiveCfg = Debug|Any CPU
		{64A9F75D-5087-4FC8-B54A-02DAE1A1FEB9}.Debug|Any CPU.Build.0 = Debug|Any CPU
		{64A9F75D-5087-4FC8-B54A-02DAE1A1FEB9}.Release|Any CPU.ActiveCfg = Release|Any CPU
		{64A9F75D-5087-4FC8-B54A-02DAE1A1FEB9}.Release|Any CPU.Build.0 = Release|Any CPU
	EndGlobalSection
	GlobalSection(SolutionProperties) = preSolution
		HideSolutionNode = FALSE
	EndGlobalSection
	GlobalSection(ExtensibilityGlobals) = postSolution
		SolutionGuid = {E3F7D4D3-9855-4A50-B686-C82158343B66}
	EndGlobalSection
EndGlobal
